
Microsoft Visual Studio Solution File, Format Version 12.00
# Visual Studio Version 17
VisualStudioVersion = 17.7.34031.279
MinimumVisualStudioVersion = 10.0.40219.1
Project("{8BC9CEB8-8B4A-11D0-8D11-00A0C91BC942}") = "FormInvaders", "FormInvaders\FormInvaders.vcxproj", "{FD95C44B-DB0F-44F2-9D4F-89F197719D52}"
EndProject
Global
	GlobalSection(SolutionConfigurationPlatforms) = preSolution
		Debug|x64 = Debug|x64
		Debug|x86 = Debug|x86
		Release|x64 = Release|x64
		Release|x86 = Release|x86
	EndGlobalSection
	GlobalSection(ProjectConfigurationPlatforms) = postSolution
		{FD95C44B-DB0F-44F2-9D4F-89F197719D52}.Debug|x64.ActiveCfg = Debug|x64
		{FD95C44B-DB0F-44F2-9D4F-89F197719D52}.Debug|x64.Build.0 = Debug|x64
		{FD95C44B-DB0F-44F2-9D4F-89F197719D52}.Debug|x86.ActiveCfg = Debug|Win32
		{FD95C44B-DB0F-44F2-9D4F-89F197719D52}.Debug|x86.Build.0 = Debug|Win32
		{FD95C44B-DB0F-44F2-9D4F-89F197719D52}.Release|x64.ActiveCfg = Release|x64
		{FD95C44B-DB0F-44F2-9D4F-89F197719D52}.Release|x64.Build.0 = Release|x64
		{FD95C44B-DB0F-44F2-9D4F-89F197719D52}.Release|x86.ActiveCfg = Release|Win32
		{FD95C44B-DB0F-44F2-9D4F-89F197719D52}.Release|x86.Build.0 = Release|Win32
	EndGlobalSection
	GlobalSection(SolutionProperties) = preSolution
		HideSolutionNode = FALSE
	EndGlobalSection
	GlobalSection(ExtensibilityGlobals) = postSolution
		SolutionGuid = {63FAD6C3-03BD-4177-9C00-567E0A764115}
	EndGlobalSection
EndGlobal
